{
  "version": "5",
  "specifiers": {
    "npm:fast-xml-parser@5": "5.5.12"
  },
  "npm": {
    "fast-xml-builder@1.1.4": {
      "integrity": "sha512-f2jhpN4Eccy0/Uz9csxh3Nu6q4ErKxf0XIsasomfOihuSUa3/xw6w8dnOtCDgEItQFJG8KyXPzQXzcODDrrbOg==",
      "dependencies": [
        "path-expression-matcher"
      ]
    },
    "fast-xml-parser@5.5.12": {
      "integrity": "sha512-nUR0q8PPfoA/svPM43Gup7vLOZWppaNrYgGmrVqrAVJa7cOH4hMG6FX9M4mQ8dZA1/ObGZHzES7Ed88hxEBSJg==",
      "dependencies": [
        "fast-xml-builder",
        "path-expression-matcher",
        "strnum"
      ],
      "bin": true
    },
    "path-expression-matcher@1.5.0": {
      "integrity": "sha512-cbrerZV+6rvdQrrD+iGMcZFEiiSrbv9Tfdkvnusy6y0x0GKBXREFg/Y65GhIfm0tnLntThhzCnfKwp1WRjeCyQ=="
    },
    "strnum@2.2.3": {
      "integrity": "sha512-oKx6RUCuHfT3oyVjtnrmn19H1SiCqgJSg+54XqURKp5aCMbrXrhLjRN9TjuwMjiYstZ0MzDrHqkGZ5dFTKd+zg=="
    }
  }
}
